// !$*UTF8*$!
{
	archiveVersion = 1;
	classes = {
	};
	objectVersion = 46;
	objects = {

/* Begin PBXBuildFile section */
		48E354ED197F2F0F004E90D1 /* main.m in Sources */ = {isa = PBXBuildFile; fileRef = 48E354EC197F2F0F004E90D1 /* main.m */; };
		48E354F0197F2F0F004E90D1 /* AppDelegate.m in Sources */ = {isa = PBXBuildFile; fileRef = 48E354EF197F2F0F004E90D1 /* AppDelegate.m */; };
		48E354F3197F2F0F004E90D1 /* ViewController.m in Sources */ = {isa = PBXBuildFile; fileRef = 48E354F2197F2F0F004E90D1 /* ViewController.m */; };
		48E354F6197F2F0F004E90D1 /* Main.storyboard in Resources */ = {isa = PBXBuildFile; fileRef = 48E354F4197F2F0F004E90D1 /* Main.storyboard */; };
		48E354F8197F2F0F004E90D1 /* Images.xcassets in Resources */ = {isa = PBXBuildFile; fileRef = 48E354F7197F2F0F004E90D1 /* Images.xcassets */; };
		48E35504197F2F0F004E90D1 /* RecordDemoTests.m in Sources */ = {isa = PBXBuildFile; fileRef = 48E35503197F2F0F004E90D1 /* RecordDemoTests.m */; };
		48E3550E197F2F62004E90D1 /* AVFoundation.framework in Frameworks */ = {isa = PBXBuildFile; fileRef = 48E3550D197F2F62004E90D1 /* AVFoundation.framework */; };
/* End PBXBuildFile section */

/* Begin PBXContainerItemProxy section */
		48E354FE197F2F0F004E90D1 /* PBXContainerItemProxy */ = {
			isa = PBXContainerItemProxy;
			containerPortal = 48E354DF197F2F0F004E90D1 /* Project object */;
			proxyType = 1;
			remoteGlobalIDString = 48E354E6197F2F0F004E90D1;
			remoteInfo = RecordDemo;
		};
/* End PBXContainerItemProxy section */

/* Begin PBXFileReference section */
		48E354E7197F2F0F004E90D1 /* RecordDemo.app */ = {isa = PBXFileReference; explicitFileType = wrapper.application; includeInIndex = 0; path = RecordDemo.app; sourceTree = BUILT_PRODUCTS_DIR; };
		48E354EB197F2F0F004E90D1 /* Info.plist */ = {isa = PBXFileReference; lastKnownFileType = text.plist.xml; path = Info.plist; sourceTree = "<group>"; };
		48E354EC197F2F0F004E90D1 /* main.m */ = {isa = PBXFileReference; lastKnownFileType = sourcecode.c.objc; path = main.m; sourceTree = "<group>"; };
		48E354EE197F2F0F004E90D1 /* AppDelegate.h */ = {isa = PBXFileReference; lastKnownFileType = sourcecode.c.h; path = AppDelegate.h; sourceTree = "<group>"; };
		48E354EF197F2F0F004E90D1 /* AppDelegate.m */ = {isa = PBXFileReference; lastKnownFileType = sourcecode.c.objc; path = AppDelegate.m; sourceTree = "<group>"; };
		48E354F1197F2F0F004E90D1 /* ViewController.h */ = {isa = PBXFileReference; lastKnownFileType = sourcecode.c.h; path = ViewController.h; sourceTree = "<group>"; };
		48E354F2197F2F0F004E90D1 /* ViewController.m */ = {isa = PBXFileReference; lastKnownFileType = sourcecode.c.objc; path = ViewController.m; sourceTree = "<group>"; };
		48E354F5197F2F0F004E90D1 /* Base */ = {isa = PBXFileReference; lastKnownFileType = file.storyboard; name = Base; path = Base.lproj/Main.storyboard; sourceTree = "<group>"; };
		48E354F7197F2F0F004E90D1 /* Images.xcassets */ = {isa = PBXFileReference; lastKnownFileType = folder.assetcatalog; path = Images.xcassets; sourceTree = "<group>"; };
		48E354FD197F2F0F004E90D1 /* RecordDemoTests.xctest */ = {isa = PBXFileReference; explicitFileType = wrapper.cfbundle; includeInIndex = 0; path = RecordDemoTests.xctest; sourceTree = BUILT_PRODUCTS_DIR; };
		48E35502197F2F0F004E90D1 /* Info.plist */ = {isa = PBXFileReference; lastKnownFileType = text.plist.xml; path = Info.plist; sourceTree = "<group>"; };
		48E35503197F2F0F004E90D1 /* RecordDemoTests.m */ = {isa = PBXFileReference; lastKnownFileType = sourcecode.c.objc; path = RecordDemoTests.m; sourceTree = "<group>"; };
		48E3550D197F2F62004E90D1 /* AVFoundation.framework */ = {isa = PBXFileReference; lastKnownFileType = wrapper.framework; name = AVFoundation.framework; path = System/Library/Frameworks/AVFoundation.framework; sourceTree = SDKROOT; };
/* End PBXFileReference section */

/* Begin PBXFrameworksBuildPhase section */
		48E354E4197F2F0F004E90D1 /* Frameworks */ = {
			isa = PBXFrameworksBuildPhase;
			buildActionMask = 2147483647;
			files = (
				48E3550E197F2F62004E90D1 /* AVFoundation.framework in Frameworks */,
			);
			runOnlyForDeploymentPostprocessing = 0;
		};
		48E354FA197F2F0F004E90D1 /* Frameworks */ = {
			isa = PBXFrameworksBuildPhase;
			buildActionMask = 2147483647;
			files = (
			);
			runOnlyForDeploymentPostprocessing = 0;
		};
/* End PBXFrameworksBuildPhase section */

/* Begin PBXGroup section */
		48E354DE197F2F0F004E90D1 = {
			isa = PBXGroup;
			children = (
				48E3550D197F2F62004E90D1 /* AVFoundation.framework */,
				48E354E9197F2F0F004E90D1 /* RecordDemo */,
				48E35500197F2F0F004E90D1 /* RecordDemoTests */,
				48E354E8197F2F0F004E90D1 /* Products */,
			);
			sourceTree = "<group>";
		};
		48E354E8197F2F0F004E90D1 /* Products */ = {
			isa = PBXGroup;
			children = (
				48E354E7197F2F0F004E90D1 /* RecordDemo.app */,
				48E354FD197F2F0F004E90D1 /* RecordDemoTests.xctest */,
			);
			name = Products;
			sourceTree = "<group>";
		};
		48E354E9197F2F0F004E90D1 /* RecordDemo */ = {
			isa = PBXGroup;
			children = (
				48E354EE197F2F0F004E90D1 /* AppDelegate.h */,
				48E354EF197F2F0F004E90D1 /* AppDelegate.m */,
				48E354F1197F2F0F004E90D1 /* ViewController.h */,
				48E354F2197F2F0F004E90D1 /* ViewController.m */,
				48E354F4197F2F0F004E90D1 /* Main.storyboard */,
				48E354F7197F2F0F004E90D1 /* Images.xcassets */,
				48E354EA197F2F0F004E90D1 /* Supporting Files */,
			);
			path = RecordDemo;
			sourceTree = "<group>";
		};
		48E354EA197F2F0F004E90D1 /* Supporting Files */ = {
			isa = PBXGroup;
			children = (
				48E354EB197F2F0F004E90D1 /* Info.plist */,
				48E354EC197F2F0F004E90D1 /* main.m */,
			);
			name = "Supporting Files";
			sourceTree = "<group>";
		};
		48E35500197F2F0F004E90D1 /* RecordDemoTests */ = {
			isa = PBXGroup;
			children = (
				48E35503197F2F0F004E90D1 /* RecordDemoTests.m */,
				48E35501197F2F0F004E90D1 /* Supporting Files */,
			);
			path = RecordDemoTests;
			sourceTree = "<group>";
		};
		48E35501197F2F0F004E90D1 /* Supporting Files */ = {
			isa = PBXGroup;
			children = (
				48E35502197F2F0F004E90D1 /* Info.plist */,
			);
			name = "Supporting Files";
			sourceTree = "<group>";
		};
/* End PBXGroup section */

/* Begin PBXNativeTarget section */
		48E354E6197F2F0F004E90D1 /* RecordDemo */ = {
			isa = PBXNativeTarget;
			buildConfigurationList = 48E35507197F2F0F004E90D1 /* Build configuration list for PBXNativeTarget "RecordDemo" */;
			buildPhases = (
				48E354E3197F2F0F004E90D1 /* Sources */,
				48E354E4197F2F0F004E90D1 /* Frameworks */,
				48E354E5197F2F0F004E90D1 /* Resources */,
			);
			buildRules = (
			);
			dependencies = (
			);
			name = RecordDemo;
			productName = RecordDemo;
			productReference = 48E354E7197F2F0F004E90D1 /* RecordDemo.app */;
			productType = "com.apple.product-type.application";
		};
		48E354FC197F2F0F004E90D1 /* RecordDemoTests */ = {
			isa = PBXNativeTarget;
			buildConfigurationList = 48E3550A197F2F0F004E90D1 /* Build configuration list for PBXNativeTarget "RecordDemoTests" */;
			buildPhases = (
				48E354F9197F2F0F004E90D1 /* Sources */,
				48E354FA197F2F0F004E90D1 /* Frameworks */,
				48E354FB197F2F0F004E90D1 /* Resources */,
			);
			buildRules = (
			);
			dependencies = (
				48E354FF197F2F0F004E90D1 /* PBXTargetDependency */,
			);
			name = RecordDemoTests;
			productName = RecordDemoTests;
			productReference = 48E354FD197F2F0F004E90D1 /* RecordDemoTests.xctest */;
			productType = "com.apple.product-type.bundle.unit-test";
		};
/* End PBXNativeTarget section */

/* Begin PBXProject section */
		48E354DF197F2F0F004E90D1 /* Project object */ = {
			isa = PBXProject;
			attributes = {
				LastUpgradeCheck = 0600;
				ORGANIZATIONNAME = "Matthew Rein";
				TargetAttributes = {
					48E354E6197F2F0F004E90D1 = {
						CreatedOnToolsVersion = 6.0;
					};
					48E354FC197F2F0F004E90D1 = {
						CreatedOnToolsVersion = 6.0;
						TestTargetID = 48E354E6197F2F0F004E90D1;
					};
				};
			};
			buildConfigurationList = 48E354E2197F2F0F004E90D1 /* Build configuration list for PBXProject "RecordDemo" */;
			compatibilityVersion = "Xcode 3.2";
			developmentRegion = English;
			hasScannedForEncodings = 0;
			knownRegions = (
				en,
				Base,
			);
			mainGroup = 48E354DE197F2F0F004E90D1;
			productRefGroup = 48E354E8197F2F0F004E90D1 /* Products */;
			projectDirPath = "";
			projectRoot = "";
			targets = (
				48E354E6197F2F0F004E90D1 /* RecordDemo */,
				48E354FC197F2F0F004E90D1 /* RecordDemoTests */,
			);
		};
/* End PBXProject section */

/* Begin PBXResourcesBuildPhase section */
		48E354E5197F2F0F004E90D1 /* Resources */ = {
			isa = PBXResourcesBuildPhase;
			buildActionMask = 2147483647;
			files = (
				48E354F6197F2F0F004E90D1 /* Main.storyboard in Resources */,
				48E354F8197F2F0F004E90D1 /* Images.xcassets in Resources */,
			);
			runOnlyForDeploymentPostprocessing = 0;
		};
		48E354FB197F2F0F004E90D1 /* Resources */ = {
			isa = PBXResourcesBuildPhase;
			buildActionMask = 2147483647;
			files = (
			);
			runOnlyForDeploymentPostprocessing = 0;
		};
/* End PBXResourcesBuildPhase section */

/* Begin PBXSourcesBuildPhase section */
		48E354E3197F2F0F004E90D1 /* Sources */ = {
			isa = PBXSourcesBuildPhase;
			buildActionMask = 2147483647;
			files = (
				48E354F3197F2F0F004E90D1 /* ViewController.m in Sources */,
				48E354F0197F2F0F004E90D1 /* AppDelegate.m in Sources */,
				48E354ED197F2F0F004E90D1 /* main.m in Sources */,
			);
			runOnlyForDeploymentPostprocessing = 0;
		};
		48E354F9197F2F0F004E90D1 /* Sources */ = {
			isa = PBXSourcesBuildPhase;
			buildActionMask = 2147483647;
			files = (
				48E35504197F2F0F004E90D1 /* RecordDemoTests.m in Sources */,
			);
			runOnlyForDeploymentPostprocessing = 0;
		};
/* End PBXSourcesBuildPhase section */

/* Begin PBXTargetDependency section */
		48E354FF197F2F0F004E90D1 /* PBXTargetDependency */ = {
			isa = PBXTargetDependency;
			target = 48E354E6197F2F0F004E90D1 /* RecordDemo */;
			targetProxy = 48E354FE197F2F0F004E90D1 /* PBXContainerItemProxy */;
		};
/* End PBXTargetDependency section */

/* Begin PBXVariantGroup section */
		48E354F4197F2F0F004E90D1 /* Main.storyboard */ = {
			isa = PBXVariantGroup;
			children = (
				48E354F5197F2F0F004E90D1 /* Base */,
			);
			name = Main.storyboard;
			sourceTree = "<group>";
		};
/* End PBXVariantGroup section */

/* Begin XCBuildConfiguration section */
		48E35505197F2F0F004E90D1 /* Debug */ = {
			isa = XCBuildConfiguration;
			buildSettings = {
				ALWAYS_SEARCH_USER_PATHS = NO;
				CLANG_CXX_LANGUAGE_STANDARD = "gnu++0x";
				CLANG_CXX_LIBRARY = "libc++";
				CLANG_ENABLE_MODULES = YES;
				CLANG_ENABLE_OBJC_ARC = YES;
				CLANG_WARN_BOOL_CONVERSION = YES;
				CLANG_WARN_CONSTANT_CONVERSION = YES;
				CLANG_WARN_DIRECT_OBJC_ISA_USAGE = YES_ERROR;
				CLANG_WARN_EMPTY_BODY = YES;
				CLANG_WARN_ENUM_CONVERSION = YES;
				CLANG_WARN_INT_CONVERSION = YES;
				CLANG_WARN_OBJC_ROOT_CLASS = YES_ERROR;
				CLANG_WARN_UNREACHABLE_CODE = YES;
				CLANG_WARN__DUPLICATE_METHOD_MATCH = YES;
				"CODE_SIGN_IDENTITY[sdk=iphoneos*]" = "iPhone Developer";
				COPY_PHASE_STRIP = NO;
				ENABLE_STRICT_OBJC_MSGSEND = YES;
				GCC_C_LANGUAGE_STANDARD = gnu99;
				GCC_DYNAMIC_NO_PIC = NO;
				GCC_OPTIMIZATION_LEVEL = 0;
				GCC_PREPROCESSOR_DEFINITIONS = (
					"DEBUG=1",
					"$(inherited)",
				);
				GCC_SYMBOLS_PRIVATE_EXTERN = NO;
				GCC_WARN_64_TO_32_BIT_CONVERSION = YES;
				GCC_WARN_ABOUT_RETURN_TYPE = YES_ERROR;
				GCC_WARN_UNDECLARED_SELECTOR = YES;
				GCC_WARN_UNINITIALIZED_AUTOS = YES_AGGRESSIVE;
				GCC_WARN_UNUSED_FUNCTION = YES;
				GCC_WARN_UNUSED_VARIABLE = YES;
				IPHONEOS_DEPLOYMENT_TARGET = 8.0;
				MTL_ENABLE_DEBUG_INFO = YES;
				ONLY_ACTIVE_ARCH = YES;
				SDKROOT = iphoneos;
				TARGETED_DEVICE_FAMILY = "1,2";
			};
			name = Debug;
		};
		48E35506197F2F0F004E90D1 /* Release */ = {
			isa = XCBuildConfiguration;
			buildSettings = {
				ALWAYS_SEARCH_USER_PATHS = NO;
				CLANG_CXX_LANGUAGE_STANDARD = "gnu++0x";
				CLANG_CXX_LIBRARY = "libc++";
				CLANG_ENABLE_MODULES = YES;
				CLANG_ENABLE_OBJC_ARC = YES;
				CLANG_WARN_BOOL_CONVERSION = YES;
				CLANG_WARN_CONSTANT_CONVERSION = YES;
				CLANG_WARN_DIRECT_OBJC_ISA_USAGE = YES_ERROR;
				CLANG_WARN_EMPTY_BODY = YES;
				CLANG_WARN_ENUM_CONVERSION = YES;
				CLANG_WARN_INT_CONVERSION = YES;
				CLANG_WARN_OBJC_ROOT_CLASS = YES_ERROR;
				CLANG_WARN_UNREACHABLE_CODE = YES;
				CLANG_WARN__DUPLICATE_METHOD_MATCH = YES;
				"CODE_SIGN_IDENTITY[sdk=iphoneos*]" = "iPhone Developer";
				COPY_PHASE_STRIP = YES;
				ENABLE_NS_ASSERTIONS = NO;
				ENABLE_STRICT_OBJC_MSGSEND = YES;
				GCC_C_LANGUAGE_STANDARD = gnu99;
				GCC_WARN_64_TO_32_BIT_CONVERSION = YES;
				GCC_WARN_ABOUT_RETURN_TYPE = YES_ERROR;
				GCC_WARN_UNDECLARED_SELECTOR = YES;
				GCC_WARN_UNINITIALIZED_AUTOS = YES_AGGRESSIVE;
				GCC_WARN_UNUSED_FUNCTION = YES;
				GCC_WARN_UNUSED_VARIABLE = YES;
				IPHONEOS_DEPLOYMENT_TARGET = 8.0;
				MTL_ENABLE_DEBUG_INFO = NO;
				SDKROOT = iphoneos;
				TARGETED_DEVICE_FAMILY = "1,2";
				VALIDATE_PRODUCT = YES;
			};
			name = Release;
		};
		48E35508197F2F0F004E90D1 /* Debug */ = {
			isa = XCBuildConfiguration;
			buildSettings = {
				ASSETCATALOG_COMPILER_APPICON_NAME = AppIcon;
				ASSETCATALOG_COMPILER_LAUNCHIMAGE_NAME = LaunchImage;
				INFOPLIST_FILE = RecordDemo/Info.plist;
				IPHONEOS_DEPLOYMENT_TARGET = 6.0;
				LD_RUNPATH_SEARCH_PATHS = "$(inherited) @executable_path/Frameworks";
				PRODUCT_NAME = "$(TARGET_NAME)";
			};
			name = Debug;
		};
		48E35509197F2F0F004E90D1 /* Release */ = {
			isa = XCBuildConfiguration;
			buildSettings = {
				ASSETCATALOG_COMPILER_APPICON_NAME = AppIcon;
				ASSETCATALOG_COMPILER_LAUNCHIMAGE_NAME = LaunchImage;
				INFOPLIST_FILE = RecordDemo/Info.plist;
				IPHONEOS_DEPLOYMENT_TARGET = 6.0;
				LD_RUNPATH_SEARCH_PATHS = "$(inherited) @executable_path/Frameworks";
				PRODUCT_NAME = "$(TARGET_NAME)";
			};
			name = Release;
		};
		48E3550B197F2F0F004E90D1 /* Debug */ = {
			isa = XCBuildConfiguration;
			buildSettings = {
				BUNDLE_LOADER = "$(BUILT_PRODUCTS_DIR)/RecordDemo.app/RecordDemo";
				FRAMEWORK_SEARCH_PATHS = (
					"$(SDKROOT)/Developer/Library/Frameworks",
					"$(inherited)",
				);
				GCC_PREPROCESSOR_DEFINITIONS = (
					"DEBUG=1",
					"$(inherited)",
				);
				INFOPLIST_FILE = RecordDemoTests/Info.plist;
				LD_RUNPATH_SEARCH_PATHS = "$(inherited) @executable_path/Frameworks @loader_path/Frameworks";
				PRODUCT_NAME = "$(TARGET_NAME)";
				TEST_HOST = "$(BUNDLE_LOADER)";
			};
			name = Debug;
		};
		48E3550C197F2F0F004E90D1 /* Release */ = {
			isa = XCBuildConfiguration;
			buildSettings = {
				BUNDLE_LOADER = "$(BUILT_PRODUCTS_DIR)/RecordDemo.app/RecordDemo";
				FRAMEWORK_SEARCH_PATHS = (
					"$(SDKROOT)/Developer/Library/Frameworks",
					"$(inherited)",
				);
				INFOPLIST_FILE = RecordDemoTests/Info.plist;
				LD_RUNPATH_SEARCH_PATHS = "$(inherited) @executable_path/Frameworks @loader_path/Frameworks";
				PRODUCT_NAME = "$(TARGET_NAME)";
				TEST_HOST = "$(BUNDLE_LOADER)";
			};
			name = Release;
		};
/* End XCBuildConfiguration section */

/* Begin XCConfigurationList section */
		48E354E2197F2F0F004E90D1 /* Build configuration list for PBXProject "RecordDemo" */ = {
			isa = XCConfigurationList;
			buildConfigurations = (
				48E35505197F2F0F004E90D1 /* Debug */,
				48E35506197F2F0F004E90D1 /* Release */,
			);
			defaultConfigurationIsVisible = 0;
			defaultConfigurationName = Release;
		};
		48E35507197F2F0F004E90D1 /* Build configuration list for PBXNativeTarget "RecordDemo" */ = {
			isa = XCConfigurationList;
			buildConfigurations = (
				48E35508197F2F0F004E90D1 /* Debug */,
				48E35509197F2F0F004E90D1 /* Release */,
			);
			defaultConfigurationIsVisible = 0;
		};
		48E3550A197F2F0F004E90D1 /* Build configuration list for PBXNativeTarget "RecordDemoTests" */ = {
			isa = XCConfigurationList;
			buildConfigurations = (
				48E3550B197F2F0F004E90D1 /* Debug */,
				48E3550C197F2F0F004E90D1 /* Release */,
			);
			defaultConfigurationIsVisible = 0;
		};
/* End XCConfigurationList section */
	};
	rootObject = 48E354DF197F2F0F004E90D1 /* Project object */;
}
